// !$*UTF8*$!
{
	archiveVersion = 1;
	classes = {
	};
	objectVersion = 46;
	objects = {

/* Begin PBXBuildFile section */
		4C6D77771A75F449003FC85F /* AppDelegate.swift in Sources */ = {isa = PBXBuildFile; fileRef = 4C6D77761A75F449003FC85F /* AppDelegate.swift */; };
		4C6D777A1A75F449003FC85F /* ToDoList.xcdatamodeld in Sources */ = {isa = PBXBuildFile; fileRef = 4C6D77781A75F449003FC85F /* ToDoList.xcdatamodeld */; };
		4C6D777F1A75F449003FC85F /* Main.storyboard in Resources */ = {isa = PBXBuildFile; fileRef = 4C6D777D1A75F449003FC85F /* Main.storyboard */; };
		4C6D77811A75F449003FC85F /* Images.xcassets in Resources */ = {isa = PBXBuildFile; fileRef = 4C6D77801A75F449003FC85F /* Images.xcassets */; };
		4C6D77841A75F449003FC85F /* LaunchScreen.xib in Resources */ = {isa = PBXBuildFile; fileRef = 4C6D77821A75F449003FC85F /* LaunchScreen.xib */; };
		4C6D77901A75F449003FC85F /* ToDoListTests.swift in Sources */ = {isa = PBXBuildFile; fileRef = 4C6D778F1A75F449003FC85F /* ToDoListTests.swift */; };
		4C6D779A1A75FCA1003FC85F /* AddToDoItemViewController.swift in Sources */ = {isa = PBXBuildFile; fileRef = 4C6D77991A75FCA1003FC85F /* AddToDoItemViewController.swift */; };
		4C6D779C1A75FDD3003FC85F /* ToDoListTableListViewController.swift in Sources */ = {isa = PBXBuildFile; fileRef = 4C6D779B1A75FDD3003FC85F /* ToDoListTableListViewController.swift */; };
		4C6D779E1A762ABB003FC85F /* ToDoItem.swift in Sources */ = {isa = PBXBuildFile; fileRef = 4C6D779D1A762ABB003FC85F /* ToDoItem.swift */; };
		4C6D779F1A763139003FC85F /* ToDoListTableListViewController.swift in Sources */ = {isa = PBXBuildFile; fileRef = 4C6D779B1A75FDD3003FC85F /* ToDoListTableListViewController.swift */; };
		4C6D77A01A76313C003FC85F /* ToDoItem.swift in Sources */ = {isa = PBXBuildFile; fileRef = 4C6D779D1A762ABB003FC85F /* ToDoItem.swift */; };
		4C6D77A11A763149003FC85F /* AddToDoItemViewController.swift in Sources */ = {isa = PBXBuildFile; fileRef = 4C6D77991A75FCA1003FC85F /* AddToDoItemViewController.swift */; };
/* End PBXBuildFile section */

/* Begin PBXContainerItemProxy section */
		4C6D778A1A75F449003FC85F /* PBXContainerItemProxy */ = {
			isa = PBXContainerItemProxy;
			containerPortal = 4C6D77691A75F449003FC85F /* Project object */;
			proxyType = 1;
			remoteGlobalIDString = 4C6D77701A75F449003FC85F;
			remoteInfo = ToDoList;
		};
/* End PBXContainerItemProxy section */

/* Begin PBXFileReference section */
		4C6D77711A75F449003FC85F /* ToDoList.app */ = {isa = PBXFileReference; explicitFileType = wrapper.application; includeInIndex = 0; path = ToDoList.app; sourceTree = BUILT_PRODUCTS_DIR; };
		4C6D77751A75F449003FC85F /* Info.plist */ = {isa = PBXFileReference; lastKnownFileType = text.plist.xml; path = Info.plist; sourceTree = "<group>"; };
		4C6D77761A75F449003FC85F /* AppDelegate.swift */ = {isa = PBXFileReference; lastKnownFileType = sourcecode.swift; path = AppDelegate.swift; sourceTree = "<group>"; };
		4C6D77791A75F449003FC85F /* ToDoList.xcdatamodel */ = {isa = PBXFileReference; lastKnownFileType = wrapper.xcdatamodel; path = ToDoList.xcdatamodel; sourceTree = "<group>"; };
		4C6D777E1A75F449003FC85F /* Base */ = {isa = PBXFileReference; lastKnownFileType = file.storyboard; name = Base; path = Base.lproj/Main.storyboard; sourceTree = "<group>"; };
		4C6D77801A75F449003FC85F /* Images.xcassets */ = {isa = PBXFileReference; lastKnownFileType = folder.assetcatalog; path = Images.xcassets; sourceTree = "<group>"; };
		4C6D77831A75F449003FC85F /* Base */ = {isa = PBXFileReference; lastKnownFileType = file.xib; name = Base; path = Base.lproj/LaunchScreen.xib; sourceTree = "<group>"; };
		4C6D77891A75F449003FC85F /* ToDoListTests.xctest */ = {isa = PBXFileReference; explicitFileType = wrapper.cfbundle; includeInIndex = 0; path = ToDoListTests.xctest; sourceTree = BUILT_PRODUCTS_DIR; };
		4C6D778E1A75F449003FC85F /* Info.plist */ = {isa = PBXFileReference; lastKnownFileType = text.plist.xml; path = Info.plist; sourceTree = "<group>"; };
		4C6D778F1A75F449003FC85F /* ToDoListTests.swift */ = {isa = PBXFileReference; lastKnownFileType = sourcecode.swift; path = ToDoListTests.swift; sourceTree = "<group>"; };
		4C6D77991A75FCA1003FC85F /* AddToDoItemViewController.swift */ = {isa = PBXFileReference; fileEncoding = 4; lastKnownFileType = sourcecode.swift; path = AddToDoItemViewController.swift; sourceTree = "<group>"; };
		4C6D779B1A75FDD3003FC85F /* ToDoListTableListViewController.swift */ = {isa = PBXFileReference; fileEncoding = 4; lastKnownFileType = sourcecode.swift; path = ToDoListTableListViewController.swift; sourceTree = "<group>"; };
		4C6D779D1A762ABB003FC85F /* ToDoItem.swift */ = {isa = PBXFileReference; fileEncoding = 4; lastKnownFileType = sourcecode.swift; path = ToDoItem.swift; sourceTree = "<group>"; };
/* End PBXFileReference section */

/* Begin PBXFrameworksBuildPhase section */
		4C6D776E1A75F449003FC85F /* Frameworks */ = {
			isa = PBXFrameworksBuildPhase;
			buildActionMask = 2147483647;
			files = (
			);
			runOnlyForDeploymentPostprocessing = 0;
		};
		4C6D77861A75F449003FC85F /* Frameworks */ = {
			isa = PBXFrameworksBuildPhase;
			buildActionMask = 2147483647;
			files = (
			);
			runOnlyForDeploymentPostprocessing = 0;
		};
/* End PBXFrameworksBuildPhase section */

/* Begin PBXGroup section */
		4C6D77681A75F449003FC85F = {
			isa = PBXGroup;
			children = (
				4C6D77731A75F449003FC85F /* ToDoList */,
				4C6D778C1A75F449003FC85F /* ToDoListTests */,
				4C6D77721A75F449003FC85F /* Products */,
			);
			sourceTree = "<group>";
		};
		4C6D77721A75F449003FC85F /* Products */ = {
			isa = PBXGroup;
			children = (
				4C6D77711A75F449003FC85F /* ToDoList.app */,
				4C6D77891A75F449003FC85F /* ToDoListTests.xctest */,
			);
			name = Products;
			sourceTree = "<group>";
		};
		4C6D77731A75F449003FC85F /* ToDoList */ = {
			isa = PBXGroup;
			children = (
				4C6D77761A75F449003FC85F /* AppDelegate.swift */,
				4C6D777D1A75F449003FC85F /* Main.storyboard */,
				4C6D77801A75F449003FC85F /* Images.xcassets */,
				4C6D77821A75F449003FC85F /* LaunchScreen.xib */,
				4C6D77781A75F449003FC85F /* ToDoList.xcdatamodeld */,
				4C6D77741A75F449003FC85F /* Supporting Files */,
				4C6D77991A75FCA1003FC85F /* AddToDoItemViewController.swift */,
				4C6D779B1A75FDD3003FC85F /* ToDoListTableListViewController.swift */,
				4C6D779D1A762ABB003FC85F /* ToDoItem.swift */,
			);
			path = ToDoList;
			sourceTree = "<group>";
		};
		4C6D77741A75F449003FC85F /* Supporting Files */ = {
			isa = PBXGroup;
			children = (
				4C6D77751A75F449003FC85F /* Info.plist */,
			);
			name = "Supporting Files";
			sourceTree = "<group>";
		};
		4C6D778C1A75F449003FC85F /* ToDoListTests */ = {
			isa = PBXGroup;
			children = (
				4C6D778F1A75F449003FC85F /* ToDoListTests.swift */,
				4C6D778D1A75F449003FC85F /* Supporting Files */,
			);
			path = ToDoListTests;
			sourceTree = "<group>";
		};
		4C6D778D1A75F449003FC85F /* Supporting Files */ = {
			isa = PBXGroup;
			children = (
				4C6D778E1A75F449003FC85F /* Info.plist */,
			);
			name = "Supporting Files";
			sourceTree = "<group>";
		};
/* End PBXGroup section */

/* Begin PBXNativeTarget section */
		4C6D77701A75F449003FC85F /* ToDoList */ = {
			isa = PBXNativeTarget;
			buildConfigurationList = 4C6D77931A75F449003FC85F /* Build configuration list for PBXNativeTarget "ToDoList" */;
			buildPhases = (
				4C6D776D1A75F449003FC85F /* Sources */,
				4C6D776E1A75F449003FC85F /* Frameworks */,
				4C6D776F1A75F449003FC85F /* Resources */,
			);
			buildRules = (
			);
			dependencies = (
			);
			name = ToDoList;
			productName = ToDoList;
			productReference = 4C6D77711A75F449003FC85F /* ToDoList.app */;
			productType = "com.apple.product-type.application";
		};
		4C6D77881A75F449003FC85F /* ToDoListTests */ = {
			isa = PBXNativeTarget;
			buildConfigurationList = 4C6D77961A75F449003FC85F /* Build configuration list for PBXNativeTarget "ToDoListTests" */;
			buildPhases = (
				4C6D77851A75F449003FC85F /* Sources */,
				4C6D77861A75F449003FC85F /* Frameworks */,
				4C6D77871A75F449003FC85F /* Resources */,
			);
			buildRules = (
			);
			dependencies = (
				4C6D778B1A75F449003FC85F /* PBXTargetDependency */,
			);
			name = ToDoListTests;
			productName = ToDoListTests;
			productReference = 4C6D77891A75F449003FC85F /* ToDoListTests.xctest */;
			productType = "com.apple.product-type.bundle.unit-test";
		};
/* End PBXNativeTarget section */

/* Begin PBXProject section */
		4C6D77691A75F449003FC85F /* Project object */ = {
			isa = PBXProject;
			attributes = {
				LastUpgradeCheck = 0610;
				ORGANIZATIONNAME = "Bhargav Nookala";
				TargetAttributes = {
					4C6D77701A75F449003FC85F = {
						CreatedOnToolsVersion = 6.1.1;
					};
					4C6D77881A75F449003FC85F = {
						CreatedOnToolsVersion = 6.1.1;
						TestTargetID = 4C6D77701A75F449003FC85F;
					};
				};
			};
			buildConfigurationList = 4C6D776C1A75F449003FC85F /* Build configuration list for PBXProject "ToDoList" */;
			compatibilityVersion = "Xcode 3.2";
			developmentRegion = English;
			hasScannedForEncodings = 0;
			knownRegions = (
				en,
				Base,
			);
			mainGroup = 4C6D77681A75F449003FC85F;
			productRefGroup = 4C6D77721A75F449003FC85F /* Products */;
			projectDirPath = "";
			projectRoot = "";
			targets = (
				4C6D77701A75F449003FC85F /* ToDoList */,
				4C6D77881A75F449003FC85F /* ToDoListTests */,
			);
		};
/* End PBXProject section */

/* Begin PBXResourcesBuildPhase section */
		4C6D776F1A75F449003FC85F /* Resources */ = {
			isa = PBXResourcesBuildPhase;
			buildActionMask = 2147483647;
			files = (
				4C6D777F1A75F449003FC85F /* Main.storyboard in Resources */,
				4C6D77841A75F449003FC85F /* LaunchScreen.xib in Resources */,
				4C6D77811A75F449003FC85F /* Images.xcassets in Resources */,
			);
			runOnlyForDeploymentPostprocessing = 0;
		};
		4C6D77871A75F449003FC85F /* Resources */ = {
			isa = PBXResourcesBuildPhase;
			buildActionMask = 2147483647;
			files = (
			);
			runOnlyForDeploymentPostprocessing = 0;
		};
/* End PBXResourcesBuildPhase section */

/* Begin PBXSourcesBuildPhase section */
		4C6D776D1A75F449003FC85F /* Sources */ = {
			isa = PBXSourcesBuildPhase;
			buildActionMask = 2147483647;
			files = (
				4C6D779E1A762ABB003FC85F /* ToDoItem.swift in Sources */,
				4C6D77771A75F449003FC85F /* AppDelegate.swift in Sources */,
				4C6D779C1A75FDD3003FC85F /* ToDoListTableListViewController.swift in Sources */,
				4C6D779A1A75FCA1003FC85F /* AddToDoItemViewController.swift in Sources */,
				4C6D777A1A75F449003FC85F /* ToDoList.xcdatamodeld in Sources */,
			);
			runOnlyForDeploymentPostprocessing = 0;
		};
		4C6D77851A75F449003FC85F /* Sources */ = {
			isa = PBXSourcesBuildPhase;
			buildActionMask = 2147483647;
			files = (
				4C6D77901A75F449003FC85F /* ToDoListTests.swift in Sources */,
				4C6D779F1A763139003FC85F /* ToDoListTableListViewController.swift in Sources */,
				4C6D77A01A76313C003FC85F /* ToDoItem.swift in Sources */,
				4C6D77A11A763149003FC85F /* AddToDoItemViewController.swift in Sources */,
			);
			runOnlyForDeploymentPostprocessing = 0;
		};
/* End PBXSourcesBuildPhase section */

/* Begin PBXTargetDependency section */
		4C6D778B1A75F449003FC85F /* PBXTargetDependency */ = {
			isa = PBXTargetDependency;
			target = 4C6D77701A75F449003FC85F /* ToDoList */;
			targetProxy = 4C6D778A1A75F449003FC85F /* PBXContainerItemProxy */;
		};
/* End PBXTargetDependency section */

/* Begin PBXVariantGroup section */
		4C6D777D1A75F449003FC85F /* Main.storyboard */ = {
			isa = PBXVariantGroup;
			children = (
				4C6D777E1A75F449003FC85F /* Base */,
			);
			name = Main.storyboard;
			sourceTree = "<group>";
		};
		4C6D77821A75F449003FC85F /* LaunchScreen.xib */ = {
			isa = PBXVariantGroup;
			children = (
				4C6D77831A75F449003FC85F /* Base */,
			);
			name = LaunchScreen.xib;
			sourceTree = "<group>";
		};
/* End PBXVariantGroup section */

/* Begin XCBuildConfiguration section */
		4C6D77911A75F449003FC85F /* Debug */ = {
			isa = XCBuildConfiguration;
			buildSettings = {
				ALWAYS_SEARCH_USER_PATHS = NO;
				CLANG_CXX_LANGUAGE_STANDARD = "gnu++0x";
				CLANG_CXX_LIBRARY = "libc++";
				CLANG_ENABLE_MODULES = YES;
				CLANG_ENABLE_OBJC_ARC = YES;
				CLANG_WARN_BOOL_CONVERSION = YES;
				CLANG_WARN_CONSTANT_CONVERSION = YES;
				CLANG_WARN_DIRECT_OBJC_ISA_USAGE = YES_ERROR;
				CLANG_WARN_EMPTY_BODY = YES;
				CLANG_WARN_ENUM_CONVERSION = YES;
				CLANG_WARN_INT_CONVERSION = YES;
				CLANG_WARN_OBJC_ROOT_CLASS = YES_ERROR;
				CLANG_WARN_UNREACHABLE_CODE = YES;
				CLANG_WARN__DUPLICATE_METHOD_MATCH = YES;
				"CODE_SIGN_IDENTITY[sdk=iphoneos*]" = "iPhone Developer";
				COPY_PHASE_STRIP = NO;
				ENABLE_STRICT_OBJC_MSGSEND = YES;
				GCC_C_LANGUAGE_STANDARD = gnu99;
				GCC_DYNAMIC_NO_PIC = NO;
				GCC_OPTIMIZATION_LEVEL = 0;
				GCC_PREPROCESSOR_DEFINITIONS = (
					"DEBUG=1",
					"$(inherited)",
				);
				GCC_SYMBOLS_PRIVATE_EXTERN = NO;
				GCC_WARN_64_TO_32_BIT_CONVERSION = YES;
				GCC_WARN_ABOUT_RETURN_TYPE = YES_ERROR;
				GCC_WARN_UNDECLARED_SELECTOR = YES;
				GCC_WARN_UNINITIALIZED_AUTOS = YES_AGGRESSIVE;
				GCC_WARN_UNUSED_FUNCTION = YES;
				GCC_WARN_UNUSED_VARIABLE = YES;
				IPHONEOS_DEPLOYMENT_TARGET = 8.1;
				MTL_ENABLE_DEBUG_INFO = YES;
				ONLY_ACTIVE_ARCH = YES;
				SDKROOT = iphoneos;
				SWIFT_OPTIMIZATION_LEVEL = "-Onone";
				TARGETED_DEVICE_FAMILY = "1,2";
			};
			name = Debug;
		};
		4C6D77921A75F449003FC85F /* Release */ = {
			isa = XCBuildConfiguration;
			buildSettings = {
				ALWAYS_SEARCH_USER_PATHS = NO;
				CLANG_CXX_LANGUAGE_STANDARD = "gnu++0x";
				CLANG_CXX_LIBRARY = "libc++";
				CLANG_ENABLE_MODULES = YES;
				CLANG_ENABLE_OBJC_ARC = YES;
				CLANG_WARN_BOOL_CONVERSION = YES;
				CLANG_WARN_CONSTANT_CONVERSION = YES;
				CLANG_WARN_DIRECT_OBJC_ISA_USAGE = YES_ERROR;
				CLANG_WARN_EMPTY_BODY = YES;
				CLANG_WARN_ENUM_CONVERSION = YES;
				CLANG_WARN_INT_CONVERSION = YES;
				CLANG_WARN_OBJC_ROOT_CLASS = YES_ERROR;
				CLANG_WARN_UNREACHABLE_CODE = YES;
				CLANG_WARN__DUPLICATE_METHOD_MATCH = YES;
				"CODE_SIGN_IDENTITY[sdk=iphoneos*]" = "iPhone Developer";
				COPY_PHASE_STRIP = YES;
				ENABLE_NS_ASSERTIONS = NO;
				ENABLE_STRICT_OBJC_MSGSEND = YES;
				GCC_C_LANGUAGE_STANDARD = gnu99;
				GCC_WARN_64_TO_32_BIT_CONVERSION = YES;
				GCC_WARN_ABOUT_RETURN_TYPE = YES_ERROR;
				GCC_WARN_UNDECLARED_SELECTOR = YES;
				GCC_WARN_UNINITIALIZED_AUTOS = YES_AGGRESSIVE;
				GCC_WARN_UNUSED_FUNCTION = YES;
				GCC_WARN_UNUSED_VARIABLE = YES;
				IPHONEOS_DEPLOYMENT_TARGET = 8.1;
				MTL_ENABLE_DEBUG_INFO = NO;
				SDKROOT = iphoneos;
				TARGETED_DEVICE_FAMILY = "1,2";
				VALIDATE_PRODUCT = YES;
			};
			name = Release;
		};
		4C6D77941A75F449003FC85F /* Debug */ = {
			isa = XCBuildConfiguration;
			buildSettings = {
				ASSETCATALOG_COMPILER_APPICON_NAME = AppIcon;
				INFOPLIST_FILE = ToDoList/Info.plist;
				LD_RUNPATH_SEARCH_PATHS = "$(inherited) @executable_path/Frameworks";
				PRODUCT_NAME = "$(TARGET_NAME)";
			};
			name = Debug;
		};
		4C6D77951A75F449003FC85F /* Release */ = {
			isa = XCBuildConfiguration;
			buildSettings = {
				ASSETCATALOG_COMPILER_APPICON_NAME = AppIcon;
				INFOPLIST_FILE = ToDoList/Info.plist;
				LD_RUNPATH_SEARCH_PATHS = "$(inherited) @executable_path/Frameworks";
				PRODUCT_NAME = "$(TARGET_NAME)";
			};
			name = Release;
		};
		4C6D77971A75F449003FC85F /* Debug */ = {
			isa = XCBuildConfiguration;
			buildSettings = {
				BUNDLE_LOADER = "$(TEST_HOST)";
				FRAMEWORK_SEARCH_PATHS = (
					"$(SDKROOT)/Developer/Library/Frameworks",
					"$(inherited)",
				);
				GCC_PREPROCESSOR_DEFINITIONS = (
					"DEBUG=1",
					"$(inherited)",
				);
				INFOPLIST_FILE = ToDoListTests/Info.plist;
				LD_RUNPATH_SEARCH_PATHS = "$(inherited) @executable_path/Frameworks @loader_path/Frameworks";
				PRODUCT_NAME = "$(TARGET_NAME)";
				TEST_HOST = "$(BUILT_PRODUCTS_DIR)/ToDoList.app/ToDoList";
			};
			name = Debug;
		};
		4C6D77981A75F449003FC85F /* Release */ = {
			isa = XCBuildConfiguration;
			buildSettings = {
				BUNDLE_LOADER = "$(TEST_HOST)";
				FRAMEWORK_SEARCH_PATHS = (
					"$(SDKROOT)/Developer/Library/Frameworks",
					"$(inherited)",
				);
				INFOPLIST_FILE = ToDoListTests/Info.plist;
				LD_RUNPATH_SEARCH_PATHS = "$(inherited) @executable_path/Frameworks @loader_path/Frameworks";
				PRODUCT_NAME = "$(TARGET_NAME)";
				TEST_HOST = "$(BUILT_PRODUCTS_DIR)/ToDoList.app/ToDoList";
			};
			name = Release;
		};
/* End XCBuildConfiguration section */

/* Begin XCConfigurationList section */
		4C6D776C1A75F449003FC85F /* Build configuration list for PBXProject "ToDoList" */ = {
			isa = XCConfigurationList;
			buildConfigurations = (
				4C6D77911A75F449003FC85F /* Debug */,
				4C6D77921A75F449003FC85F /* Release */,
			);
			defaultConfigurationIsVisible = 0;
			defaultConfigurationName = Release;
		};
		4C6D77931A75F449003FC85F /* Build configuration list for PBXNativeTarget "ToDoList" */ = {
			isa = XCConfigurationList;
			buildConfigurations = (
				4C6D77941A75F449003FC85F /* Debug */,
				4C6D77951A75F449003FC85F /* Release */,
			);
			defaultConfigurationIsVisible = 0;
		};
		4C6D77961A75F449003FC85F /* Build configuration list for PBXNativeTarget "ToDoListTests" */ = {
			isa = XCConfigurationList;
			buildConfigurations = (
				4C6D77971A75F449003FC85F /* Debug */,
				4C6D77981A75F449003FC85F /* Release */,
			);
			defaultConfigurationIsVisible = 0;
		};
/* End XCConfigurationList section */

/* Begin XCVersionGroup section */
		4C6D77781A75F449003FC85F /* ToDoList.xcdatamodeld */ = {
			isa = XCVersionGroup;
			children = (
				4C6D77791A75F449003FC85F /* ToDoList.xcdatamodel */,
			);
			currentVersion = 4C6D77791A75F449003FC85F /* ToDoList.xcdatamodel */;
			path = ToDoList.xcdatamodeld;
			sourceTree = "<group>";
			versionGroupType = wrapper.xcdatamodel;
		};
/* End XCVersionGroup section */
	};
	rootObject = 4C6D77691A75F449003FC85F /* Project object */;
}
